
Microsoft Visual Studio Solution File, Format Version 12.00
# Visual Studio Version 17
VisualStudioVersion = 17.0.31903.59
MinimumVisualStudioVersion = 10.0.40219.1
Project("{2150E333-8FDC-42A3-9474-1A3956D46DE8}") = "src", "src", "{B3B90C2A-0402-45F8-82E2-C48CB7C26C81}"
EndProject
Project("{FAE04EC0-301F-11D3-BF4B-00C04F79EFBC}") = "VgcCollege.Web", "src\VgcCollege.Web\VgcCollege.Web.csproj", "{AE71CD10-6978-4A51-ABA4-A69EDE9D2ED8}"
EndProject
Project("{2150E333-8FDC-42A3-9474-1A3956D46DE8}") = "tests", "tests", "{F2BB694E-A426-40A2-8FC9-14794C6AB1B7}"
EndProject
Project("{FAE04EC0-301F-11D3-BF4B-00C04F79EFBC}") = "VgcCollege.Tests", "tests\VgcCollege.Tests\VgcCollege.Tests.csproj", "{37D43DC8-A382-41DD-94E2-764DB4133299}"
EndProject
Global
	GlobalSection(SolutionConfigurationPlatforms) = preSolution
		Debug|Any CPU = Debug|Any CPU
		Release|Any CPU = Release|Any CPU
	EndGlobalSection
	GlobalSection(SolutionProperties) = preSolution
		HideSolutionNode = FALSE
	EndGlobalSection
	GlobalSection(ProjectConfigurationPlatforms) = postSolution
		{AE71CD10-6978-4A51-ABA4-A69EDE9D2ED8}.Debug|Any CPU.ActiveCfg = Debug|Any CPU
		{AE71CD10-6978-4A51-ABA4-A69EDE9D2ED8}.Debug|Any CPU.Build.0 = Debug|Any CPU
		{AE71CD10-6978-4A51-ABA4-A69EDE9D2ED8}.Release|Any CPU.ActiveCfg = Release|Any CPU
		{AE71CD10-6978-4A51-ABA4-A69EDE9D2ED8}.Release|Any CPU.Build.0 = Release|Any CPU
		{37D43DC8-A382-41DD-94E2-764DB4133299}.Debug|Any CPU.ActiveCfg = Debug|Any CPU
		{37D43DC8-A382-41DD-94E2-764DB4133299}.Debug|Any CPU.Build.0 = Debug|Any CPU
		{37D43DC8-A382-41DD-94E2-764DB4133299}.Release|Any CPU.ActiveCfg = Release|Any CPU
		{37D43DC8-A382-41DD-94E2-764DB4133299}.Release|Any CPU.Build.0 = Release|Any CPU
	EndGlobalSection
	GlobalSection(NestedProjects) = preSolution
		{AE71CD10-6978-4A51-ABA4-A69EDE9D2ED8} = {B3B90C2A-0402-45F8-82E2-C48CB7C26C81}
		{37D43DC8-A382-41DD-94E2-764DB4133299} = {F2BB694E-A426-40A2-8FC9-14794C6AB1B7}
	EndGlobalSection
EndGlobal
